// !$*UTF8*$!
{
	archiveVersion = 1;
	classes = {
	};
	objectVersion = 77;
	objects = {

/* Begin PBXBuildFile section */
		DF45A1342EA85F37009582E2 /* FirebaseAuth in Frameworks */ = {isa = PBXBuildFile; productRef = DF45A1332EA85F37009582E2 /* FirebaseAuth */; };
		DF45A1362EA85F37009582E2 /* FirebaseFirestore in Frameworks */ = {isa = PBXBuildFile; productRef = DF45A1352EA85F37009582E2 /* FirebaseFirestore */; };
		DF45A1382EA85F37009582E2 /* FirebaseMessaging in Frameworks */ = {isa = PBXBuildFile; productRef = DF45A1372EA85F37009582E2 /* FirebaseMessaging */; };
		DF8B68582EA91CC50084B324 /* FirebaseFunctions in Frameworks */ = {isa = PBXBuildFile; productRef = DF8B68572EA91CC50084B324 /* FirebaseFunctions */; };
		DF8B685A2EA91CC50084B324 /* FirebaseStorage in Frameworks */ = {isa = PBXBuildFile; productRef = DF8B68592EA91CC50084B324 /* FirebaseStorage */; };
		DF9A23962EADD0B5000DCC68 /* dash-1024x1024.jpg in Resources */ = {isa = PBXBuildFile; fileRef = DF9A23952EADD0B5000DCC68 /* dash-1024x1024.jpg */; };
		DF9A6C392EAA5D5F008AFB67 /* GoogleSignIn in Frameworks */ = {isa = PBXBuildFile; productRef = DF9A6C382EAA5D5F008AFB67 /* GoogleSignIn */; };
/* End PBXBuildFile section */

/* Begin PBXContainerItemProxy section */
		DF45A10F2EA8593C009582E2 /* PBXContainerItemProxy */ = {
			isa = PBXContainerItemProxy;
			containerPortal = DF45A0F52EA8593B009582E2 /* Project object */;
			proxyType = 1;
			remoteGlobalIDString = DF45A0FC2EA8593B009582E2;
			remoteInfo = "messageai-swift";
		};
		DF45A1192EA8593C009582E2 /* PBXContainerItemProxy */ = {
			isa = PBXContainerItemProxy;
			containerPortal = DF45A0F52EA8593B009582E2 /* Project object */;
			proxyType = 1;
			remoteGlobalIDString = DF45A0FC2EA8593B009582E2;
			remoteInfo = "messageai-swift";
		};
/* End PBXContainerItemProxy section */

/* Begin PBXFileReference section */
		DF45A0FD2EA8593B009582E2 /* messageai-swift.app */ = {isa = PBXFileReference; explicitFileType = wrapper.application; includeInIndex = 0; path = "messageai-swift.app"; sourceTree = BUILT_PRODUCTS_DIR; };
		DF45A10E2EA8593C009582E2 /* messageai-swiftTests.xctest */ = {isa = PBXFileReference; explicitFileType = wrapper.cfbundle; includeInIndex = 0; path = "messageai-swiftTests.xctest"; sourceTree = BUILT_PRODUCTS_DIR; };
		DF45A1182EA8593C009582E2 /* messageai-swiftUITests.xctest */ = {isa = PBXFileReference; explicitFileType = wrapper.cfbundle; includeInIndex = 0; path = "messageai-swiftUITests.xctest"; sourceTree = BUILT_PRODUCTS_DIR; };
		DF9A23952EADD0B5000DCC68 /* dash-1024x1024.jpg */ = {isa = PBXFileReference; lastKnownFileType = image.jpeg; path = "dash-1024x1024.jpg"; sourceTree = "<group>"; };
/* End PBXFileReference section */

/* Begin PBXFileSystemSynchronizedBuildFileExceptionSet section */
		DF45A1202EA8593C009582E2 /* Exceptions for "messageai-swift" folder in "messageai-swift" target */ = {
			isa = PBXFileSystemSynchronizedBuildFileExceptionSet;
			membershipExceptions = (
				Info.plist,
			);
			target = DF45A0FC2EA8593B009582E2 /* messageai-swift */;
		};
/* End PBXFileSystemSynchronizedBuildFileExceptionSet section */

/* Begin PBXFileSystemSynchronizedRootGroup section */
		DF45A0FF2EA8593B009582E2 /* messageai-swift */ = {
			isa = PBXFileSystemSynchronizedRootGroup;
			exceptions = (
				DF45A1202EA8593C009582E2 /* Exceptions for "messageai-swift" folder in "messageai-swift" target */,
			);
			path = "messageai-swift";
			sourceTree = "<group>";
		};
		DF45A1112EA8593C009582E2 /* messageai-swiftTests */ = {
			isa = PBXFileSystemSynchronizedRootGroup;
			path = "messageai-swiftTests";
			sourceTree = "<group>";
		};
		DF45A11B2EA8593C009582E2 /* messageai-swiftUITests */ = {
			isa = PBXFileSystemSynchronizedRootGroup;
			path = "messageai-swiftUITests";
			sourceTree = "<group>";
		};
/* End PBXFileSystemSynchronizedRootGroup section */

/* Begin PBXFrameworksBuildPhase section */
		DF45A0FA2EA8593B009582E2 /* Frameworks */ = {
			isa = PBXFrameworksBuildPhase;
			buildActionMask = 2147483647;
			files = (
				DF45A1382EA85F37009582E2 /* FirebaseMessaging in Frameworks */,
				DF9A6C392EAA5D5F008AFB67 /* GoogleSignIn in Frameworks */,
				DF8B68582EA91CC50084B324 /* FirebaseFunctions in Frameworks */,
				DF45A1342EA85F37009582E2 /* FirebaseAuth in Frameworks */,
				DF45A1362EA85F37009582E2 /* FirebaseFirestore in Frameworks */,
				DF8B685A2EA91CC50084B324 /* FirebaseStorage in Frameworks */,
			);
			runOnlyForDeploymentPostprocessing = 0;
		};
		DF45A10B2EA8593C009582E2 /* Frameworks */ = {
			isa = PBXFrameworksBuildPhase;
			buildActionMask = 2147483647;
			files = (
			);
			runOnlyForDeploymentPostprocessing = 0;
		};
		DF45A1152EA8593C009582E2 /* Frameworks */ = {
			isa = PBXFrameworksBuildPhase;
			buildActionMask = 2147483647;
			files = (
			);
			runOnlyForDeploymentPostprocessing = 0;
		};
/* End PBXFrameworksBuildPhase section */

/* Begin PBXGroup section */
		DF45A0F42EA8593B009582E2 = {
			isa = PBXGroup;
			children = (
				DF45A0FF2EA8593B009582E2 /* messageai-swift */,
				DF45A1112EA8593C009582E2 /* messageai-swiftTests */,
				DF45A11B2EA8593C009582E2 /* messageai-swiftUITests */,
				DF45A0FE2EA8593B009582E2 /* Products */,
				DF9A23952EADD0B5000DCC68 /* dash-1024x1024.jpg */,
			);
			sourceTree = "<group>";
		};
		DF45A0FE2EA8593B009582E2 /* Products */ = {
			isa = PBXGroup;
			children = (
				DF45A0FD2EA8593B009582E2 /* messageai-swift.app */,
				DF45A10E2EA8593C009582E2 /* messageai-swiftTests.xctest */,
				DF45A1182EA8593C009582E2 /* messageai-swiftUITests.xctest */,
			);
			name = Products;
			sourceTree = "<group>";
		};
/* End PBXGroup section */

/* Begin PBXNativeTarget section */
		DF45A0FC2EA8593B009582E2 /* messageai-swift */ = {
			isa = PBXNativeTarget;
			buildConfigurationList = DF45A1212EA8593C009582E2 /* Build configuration list for PBXNativeTarget "messageai-swift" */;
			buildPhases = (
				DF45A0F92EA8593B009582E2 /* Sources */,
				DF45A0FA2EA8593B009582E2 /* Frameworks */,
				DF45A0FB2EA8593B009582E2 /* Resources */,
			);
			buildRules = (
			);
			dependencies = (
			);
			fileSystemSynchronizedGroups = (
				DF45A0FF2EA8593B009582E2 /* messageai-swift */,
			);
			name = "messageai-swift";
			packageProductDependencies = (
				DF45A1332EA85F37009582E2 /* FirebaseAuth */,
				DF45A1352EA85F37009582E2 /* FirebaseFirestore */,
				DF45A1372EA85F37009582E2 /* FirebaseMessaging */,
				DF9A6C382EAA5D5F008AFB67 /* GoogleSignIn */,
				DF8B68572EA91CC50084B324 /* FirebaseFunctions */,
				DF8B68592EA91CC50084B324 /* FirebaseStorage */,
			);
			productName = "messageai-swift";
			productReference = DF45A0FD2EA8593B009582E2 /* messageai-swift.app */;
			productType = "com.apple.product-type.application";
		};
		DF45A10D2EA8593C009582E2 /* messageai-swiftTests */ = {
			isa = PBXNativeTarget;
			buildConfigurationList = DF45A1262EA8593C009582E2 /* Build configuration list for PBXNativeTarget "messageai-swiftTests" */;
			buildPhases = (
				DF45A10A2EA8593C009582E2 /* Sources */,
				DF45A10B2EA8593C009582E2 /* Frameworks */,
				DF45A10C2EA8593C009582E2 /* Resources */,
			);
			buildRules = (
			);
			dependencies = (
				DF45A1102EA8593C009582E2 /* PBXTargetDependency */,
			);
			fileSystemSynchronizedGroups = (
				DF45A1112EA8593C009582E2 /* messageai-swiftTests */,
			);
			name = "messageai-swiftTests";
			packageProductDependencies = (
			);
			productName = "messageai-swiftTests";
			productReference = DF45A10E2EA8593C009582E2 /* messageai-swiftTests.xctest */;
			productType = "com.apple.product-type.bundle.unit-test";
		};
		DF45A1172EA8593C009582E2 /* messageai-swiftUITests */ = {
			isa = PBXNativeTarget;
			buildConfigurationList = DF45A1292EA8593C009582E2 /* Build configuration list for PBXNativeTarget "messageai-swiftUITests" */;
			buildPhases = (
				DF45A1142EA8593C009582E2 /* Sources */,
				DF45A1152EA8593C009582E2 /* Frameworks */,
				DF45A1162EA8593C009582E2 /* Resources */,
			);
			buildRules = (
			);
			dependencies = (
				DF45A11A2EA8593C009582E2 /* PBXTargetDependency */,
			);
			fileSystemSynchronizedGroups = (
				DF45A11B2EA8593C009582E2 /* messageai-swiftUITests */,
			);
			name = "messageai-swiftUITests";
			packageProductDependencies = (
			);
			productName = "messageai-swiftUITests";
			productReference = DF45A1182EA8593C009582E2 /* messageai-swiftUITests.xctest */;
			productType = "com.apple.product-type.bundle.ui-testing";
		};
/* End PBXNativeTarget section */

/* Begin PBXProject section */
		DF45A0F52EA8593B009582E2 /* Project object */ = {
			isa = PBXProject;
			attributes = {
				BuildIndependentTargetsInParallel = 1;
				LastSwiftUpdateCheck = 2600;
				LastUpgradeCheck = 2600;
				TargetAttributes = {
					DF45A0FC2EA8593B009582E2 = {
						CreatedOnToolsVersion = 26.0.1;
					};
					DF45A10D2EA8593C009582E2 = {
						CreatedOnToolsVersion = 26.0.1;
						TestTargetID = DF45A0FC2EA8593B009582E2;
					};
					DF45A1172EA8593C009582E2 = {
						CreatedOnToolsVersion = 26.0.1;
						TestTargetID = DF45A0FC2EA8593B009582E2;
					};
				};
			};
			buildConfigurationList = DF45A0F82EA8593B009582E2 /* Build configuration list for PBXProject "messageai-swift" */;
			developmentRegion = en;
			hasScannedForEncodings = 0;
			knownRegions = (
				en,
				Base,
			);
			mainGroup = DF45A0F42EA8593B009582E2;
			minimizedProjectReferenceProxies = 1;
			packageReferences = (
				DF45A1322EA85F37009582E2 /* XCRemoteSwiftPackageReference "firebase-ios-sdk" */,
				DF9A6C362EAA5D3B008AFB67 /* XCRemoteSwiftPackageReference "GoogleSignIn-iOS" */,
			);
			preferredProjectObjectVersion = 77;
			productRefGroup = DF45A0FE2EA8593B009582E2 /* Products */;
			projectDirPath = "";
			projectRoot = "";
			targets = (
				DF45A0FC2EA8593B009582E2 /* messageai-swift */,
				DF45A10D2EA8593C009582E2 /* messageai-swiftTests */,
				DF45A1172EA8593C009582E2 /* messageai-swiftUITests */,
			);
		};
/* End PBXProject section */

/* Begin PBXResourcesBuildPhase section */
		DF45A0FB2EA8593B009582E2 /* Resources */ = {
			isa = PBXResourcesBuildPhase;
			buildActionMask = 2147483647;
			files = (
				DF9A23962EADD0B5000DCC68 /* dash-1024x1024.jpg in Resources */,
			);
			runOnlyForDeploymentPostprocessing = 0;
		};
		DF45A10C2EA8593C009582E2 /* Resources */ = {
			isa = PBXResourcesBuildPhase;
			buildActionMask = 2147483647;
			files = (
			);
			runOnlyForDeploymentPostprocessing = 0;
		};
		DF45A1162EA8593C009582E2 /* Resources */ = {
			isa = PBXResourcesBuildPhase;
			buildActionMask = 2147483647;
			files = (
			);
			runOnlyForDeploymentPostprocessing = 0;
		};
/* End PBXResourcesBuildPhase section */

/* Begin PBXSourcesBuildPhase section */
		DF45A0F92EA8593B009582E2 /* Sources */ = {
			isa = PBXSourcesBuildPhase;
			buildActionMask = 2147483647;
			files = (
			);
			runOnlyForDeploymentPostprocessing = 0;
		};
		DF45A10A2EA8593C009582E2 /* Sources */ = {
			isa = PBXSourcesBuildPhase;
			buildActionMask = 2147483647;
			files = (
			);
			runOnlyForDeploymentPostprocessing = 0;
		};
		DF45A1142EA8593C009582E2 /* Sources */ = {
			isa = PBXSourcesBuildPhase;
			buildActionMask = 2147483647;
			files = (
			);
			runOnlyForDeploymentPostprocessing = 0;
		};
/* End PBXSourcesBuildPhase section */

/* Begin PBXTargetDependency section */
		DF45A1102EA8593C009582E2 /* PBXTargetDependency */ = {
			isa = PBXTargetDependency;
			target = DF45A0FC2EA8593B009582E2 /* messageai-swift */;
			targetProxy = DF45A10F2EA8593C009582E2 /* PBXContainerItemProxy */;
		};
		DF45A11A2EA8593C009582E2 /* PBXTargetDependency */ = {
			isa = PBXTargetDependency;
			target = DF45A0FC2EA8593B009582E2 /* messageai-swift */;
			targetProxy = DF45A1192EA8593C009582E2 /* PBXContainerItemProxy */;
		};
/* End PBXTargetDependency section */

/* Begin XCBuildConfiguration section */
		DF45A1222EA8593C009582E2 /* Debug */ = {
			isa = XCBuildConfiguration;
			buildSettings = {
				ASSETCATALOG_COMPILER_APPICON_NAME = AppIcon;
				ASSETCATALOG_COMPILER_GLOBAL_ACCENT_COLOR_NAME = AccentColor;
				CODE_SIGN_ENTITLEMENTS = "messageai-swift/messageai_swift.entitlements";
				CODE_SIGN_STYLE = Automatic;
				CURRENT_PROJECT_VERSION = 1;
				ENABLE_PREVIEWS = YES;
				GENERATE_INFOPLIST_FILE = YES;
				INFOPLIST_FILE = "messageai-swift/Info.plist";
				INFOPLIST_KEY_UIApplicationSceneManifest_Generation = YES;
				INFOPLIST_KEY_UIApplicationSupportsIndirectInputEvents = YES;
				INFOPLIST_KEY_UILaunchScreen_Generation = YES;
				INFOPLIST_KEY_UISupportedInterfaceOrientations_iPad = "UIInterfaceOrientationPortrait UIInterfaceOrientationPortraitUpsideDown UIInterfaceOrientationLandscapeLeft UIInterfaceOrientationLandscapeRight";
				INFOPLIST_KEY_UISupportedInterfaceOrientations_iPhone = "UIInterfaceOrientationPortrait UIInterfaceOrientationLandscapeLeft UIInterfaceOrientationLandscapeRight";
				LD_RUNPATH_SEARCH_PATHS = (
					"$(inherited)",
					"@executable_path/Frameworks",
				);
				MARKETING_VERSION = 1.0;
				PRODUCT_BUNDLE_IDENTIFIER = "Nick-Kenkel.messageai-swift";
				PRODUCT_NAME = "$(TARGET_NAME)";
				STRING_CATALOG_GENERATE_SYMBOLS = YES;
				SWIFT_APPROACHABLE_CONCURRENCY = YES;
				SWIFT_DEFAULT_ACTOR_ISOLATION = MainActor;
				SWIFT_EMIT_LOC_STRINGS = YES;
				SWIFT_UPCOMING_FEATURE_MEMBER_IMPORT_VISIBILITY = YES;
				SWIFT_VERSION = 5.0;
				TARGETED_DEVICE_FAMILY = "1,2";
			};
			name = Debug;
		};
		DF45A1232EA8593C009582E2 /* Release */ = {
			isa = XCBuildConfiguration;
			buildSettings = {
				ASSETCATALOG_COMPILER_APPICON_NAME = AppIcon;
				ASSETCATALOG_COMPILER_GLOBAL_ACCENT_COLOR_NAME = AccentColor;
				CODE_SIGN_ENTITLEMENTS = "messageai-swift/messageai_swift.entitlements";
				CODE_SIGN_STYLE = Automatic;
				CURRENT_PROJECT_VERSION = 1;
				ENABLE_PREVIEWS = YES;
				GENERATE_INFOPLIST_FILE = YES;
				INFOPLIST_FILE = "messageai-swift/Info.plist";
				INFOPLIST_KEY_UIApplicationSceneManifest_Generation = YES;
				INFOPLIST_KEY_UIApplicationSupportsIndirectInputEvents = YES;
				INFOPLIST_KEY_UILaunchScreen_Generation = YES;
				INFOPLIST_KEY_UISupportedInterfaceOrientations_iPad = "UIInterfaceOrientationPortrait UIInterfaceOrientationPortraitUpsideDown UIInterfaceOrientationLandscapeLeft UIInterfaceOrientationLandscapeRight";
				INFOPLIST_KEY_UISupportedInterfaceOrientations_iPhone = "UIInterfaceOrientationPortrait UIInterfaceOrientationLandscapeLeft UIInterfaceOrientationLandscapeRight";
				LD_RUNPATH_SEARCH_PATHS = (
					"$(inherited)",
					"@executable_path/Frameworks",
				);
				MARKETING_VERSION = 1.0;
				PRODUCT_BUNDLE_IDENTIFIER = "Nick-Kenkel.messageai-swift";
				PRODUCT_NAME = "$(TARGET_NAME)";
				STRING_CATALOG_GENERATE_SYMBOLS = YES;
				SWIFT_APPROACHABLE_CONCURRENCY = YES;
				SWIFT_DEFAULT_ACTOR_ISOLATION = MainActor;
				SWIFT_EMIT_LOC_STRINGS = YES;
				SWIFT_UPCOMING_FEATURE_MEMBER_IMPORT_VISIBILITY = YES;
				SWIFT_VERSION = 5.0;
				TARGETED_DEVICE_FAMILY = "1,2";
			};
			name = Release;
		};
		DF45A1242EA8593C009582E2 /* Debug */ = {
			isa = XCBuildConfiguration;
			buildSettings = {
				ALWAYS_SEARCH_USER_PATHS = NO;
				ASSETCATALOG_COMPILER_GENERATE_SWIFT_ASSET_SYMBOL_EXTENSIONS = YES;
				CLANG_ANALYZER_NONNULL = YES;
				CLANG_ANALYZER_NUMBER_OBJECT_CONVERSION = YES_AGGRESSIVE;
				CLANG_CXX_LANGUAGE_STANDARD = "gnu++20";
				CLANG_ENABLE_MODULES = YES;
				CLANG_ENABLE_OBJC_ARC = YES;
				CLANG_ENABLE_OBJC_WEAK = YES;
				CLANG_WARN_BLOCK_CAPTURE_AUTORELEASING = YES;
				CLANG_WARN_BOOL_CONVERSION = YES;
				CLANG_WARN_COMMA = YES;
				CLANG_WARN_CONSTANT_CONVERSION = YES;
				CLANG_WARN_DEPRECATED_OBJC_IMPLEMENTATIONS = YES;
				CLANG_WARN_DIRECT_OBJC_ISA_USAGE = YES_ERROR;
				CLANG_WARN_DOCUMENTATION_COMMENTS = YES;
				CLANG_WARN_EMPTY_BODY = YES;
				CLANG_WARN_ENUM_CONVERSION = YES;
				CLANG_WARN_INFINITE_RECURSION = YES;
				CLANG_WARN_INT_CONVERSION = YES;
				CLANG_WARN_NON_LITERAL_NULL_CONVERSION = YES;
				CLANG_WARN_OBJC_IMPLICIT_RETAIN_SELF = YES;
				CLANG_WARN_OBJC_LITERAL_CONVERSION = YES;
				CLANG_WARN_OBJC_ROOT_CLASS = YES_ERROR;
				CLANG_WARN_QUOTED_INCLUDE_IN_FRAMEWORK_HEADER = YES;
				CLANG_WARN_RANGE_LOOP_ANALYSIS = YES;
				CLANG_WARN_STRICT_PROTOTYPES = YES;
				CLANG_WARN_SUSPICIOUS_MOVE = YES;
				CLANG_WARN_UNGUARDED_AVAILABILITY = YES_AGGRESSIVE;
				CLANG_WARN_UNREACHABLE_CODE = YES;
				CLANG_WARN__DUPLICATE_METHOD_MATCH = YES;
				COPY_PHASE_STRIP = NO;
				DEBUG_INFORMATION_FORMAT = dwarf;
				ENABLE_STRICT_OBJC_MSGSEND = YES;
				ENABLE_TESTABILITY = YES;
				ENABLE_USER_SCRIPT_SANDBOXING = YES;
				GCC_C_LANGUAGE_STANDARD = gnu17;
				GCC_DYNAMIC_NO_PIC = NO;
				GCC_NO_COMMON_BLOCKS = YES;
				GCC_OPTIMIZATION_LEVEL = 0;
				GCC_PREPROCESSOR_DEFINITIONS = (
					"DEBUG=1",
					"$(inherited)",
				);
				GCC_WARN_64_TO_32_BIT_CONVERSION = YES;
				GCC_WARN_ABOUT_RETURN_TYPE = YES_ERROR;
				GCC_WARN_UNDECLARED_SELECTOR = YES;
				GCC_WARN_UNINITIALIZED_AUTOS = YES_AGGRESSIVE;
				GCC_WARN_UNUSED_FUNCTION = YES;
				GCC_WARN_UNUSED_VARIABLE = YES;
				IPHONEOS_DEPLOYMENT_TARGET = 26.0;
				LOCALIZATION_PREFERS_STRING_CATALOGS = YES;
				MTL_ENABLE_DEBUG_INFO = INCLUDE_SOURCE;
				MTL_FAST_MATH = YES;
				ONLY_ACTIVE_ARCH = YES;
				SDKROOT = iphoneos;
				SWIFT_ACTIVE_COMPILATION_CONDITIONS = "DEBUG $(inherited)";
				SWIFT_OPTIMIZATION_LEVEL = "-Onone";
			};
			name = Debug;
		};
		DF45A1252EA8593C009582E2 /* Release */ = {
			isa = XCBuildConfiguration;
			buildSettings = {
				ALWAYS_SEARCH_USER_PATHS = NO;
				ASSETCATALOG_COMPILER_GENERATE_SWIFT_ASSET_SYMBOL_EXTENSIONS = YES;
				CLANG_ANALYZER_NONNULL = YES;
				CLANG_ANALYZER_NUMBER_OBJECT_CONVERSION = YES_AGGRESSIVE;
				CLANG_CXX_LANGUAGE_STANDARD = "gnu++20";
				CLANG_ENABLE_MODULES = YES;
				CLANG_ENABLE_OBJC_ARC = YES;
				CLANG_ENABLE_OBJC_WEAK = YES;
				CLANG_WARN_BLOCK_CAPTURE_AUTORELEASING = YES;
				CLANG_WARN_BOOL_CONVERSION = YES;
				CLANG_WARN_COMMA = YES;
				CLANG_WARN_CONSTANT_CONVERSION = YES;
				CLANG_WARN_DEPRECATED_OBJC_IMPLEMENTATIONS = YES;
				CLANG_WARN_DIRECT_OBJC_ISA_USAGE = YES_ERROR;
				CLANG_WARN_DOCUMENTATION_COMMENTS = YES;
				CLANG_WARN_EMPTY_BODY = YES;
				CLANG_WARN_ENUM_CONVERSION = YES;
				CLANG_WARN_INFINITE_RECURSION = YES;
				CLANG_WARN_INT_CONVERSION = YES;
				CLANG_WARN_NON_LITERAL_NULL_CONVERSION = YES;
				CLANG_WARN_OBJC_IMPLICIT_RETAIN_SELF = YES;
				CLANG_WARN_OBJC_LITERAL_CONVERSION = YES;
				CLANG_WARN_OBJC_ROOT_CLASS = YES_ERROR;
				CLANG_WARN_QUOTED_INCLUDE_IN_FRAMEWORK_HEADER = YES;
				CLANG_WARN_RANGE_LOOP_ANALYSIS = YES;
				CLANG_WARN_STRICT_PROTOTYPES = YES;
				CLANG_WARN_SUSPICIOUS_MOVE = YES;
				CLANG_WARN_UNGUARDED_AVAILABILITY = YES_AGGRESSIVE;
				CLANG_WARN_UNREACHABLE_CODE = YES;
				CLANG_WARN__DUPLICATE_METHOD_MATCH = YES;
				COPY_PHASE_STRIP = NO;
				DEBUG_INFORMATION_FORMAT = "dwarf-with-dsym";
				ENABLE_NS_ASSERTIONS = NO;
				ENABLE_STRICT_OBJC_MSGSEND = YES;
				ENABLE_USER_SCRIPT_SANDBOXING = YES;
				GCC_C_LANGUAGE_STANDARD = gnu17;
				GCC_NO_COMMON_BLOCKS = YES;
				GCC_WARN_64_TO_32_BIT_CONVERSION = YES;
				GCC_WARN_ABOUT_RETURN_TYPE = YES_ERROR;
				GCC_WARN_UNDECLARED_SELECTOR = YES;
				GCC_WARN_UNINITIALIZED_AUTOS = YES_AGGRESSIVE;
				GCC_WARN_UNUSED_FUNCTION = YES;
				GCC_WARN_UNUSED_VARIABLE = YES;
				IPHONEOS_DEPLOYMENT_TARGET = 26.0;
				LOCALIZATION_PREFERS_STRING_CATALOGS = YES;
				MTL_ENABLE_DEBUG_INFO = NO;
				MTL_FAST_MATH = YES;
				SDKROOT = iphoneos;
				SWIFT_COMPILATION_MODE = wholemodule;
				VALIDATE_PRODUCT = YES;
			};
			name = Release;
		};
		DF45A1272EA8593C009582E2 /* Debug */ = {
			isa = XCBuildConfiguration;
			buildSettings = {
				BUNDLE_LOADER = "$(TEST_HOST)";
				CODE_SIGN_STYLE = Automatic;
				CURRENT_PROJECT_VERSION = 1;
				GENERATE_INFOPLIST_FILE = YES;
				IPHONEOS_DEPLOYMENT_TARGET = 26.0;
				MARKETING_VERSION = 1.0;
				PRODUCT_BUNDLE_IDENTIFIER = "Nick-Kenkel.messageai-swiftTests";
				PRODUCT_NAME = "$(TARGET_NAME)";
				STRING_CATALOG_GENERATE_SYMBOLS = NO;
				SWIFT_APPROACHABLE_CONCURRENCY = YES;
				SWIFT_EMIT_LOC_STRINGS = NO;
				SWIFT_UPCOMING_FEATURE_MEMBER_IMPORT_VISIBILITY = YES;
				SWIFT_VERSION = 5.0;
				TARGETED_DEVICE_FAMILY = "1,2";
				TEST_HOST = "$(BUILT_PRODUCTS_DIR)/messageai-swift.app/$(BUNDLE_EXECUTABLE_FOLDER_PATH)/messageai-swift";
			};
			name = Debug;
		};
		DF45A1282EA8593C009582E2 /* Release */ = {
			isa = XCBuildConfiguration;
			buildSettings = {
				BUNDLE_LOADER = "$(TEST_HOST)";
				CODE_SIGN_STYLE = Automatic;
				CURRENT_PROJECT_VERSION = 1;
				GENERATE_INFOPLIST_FILE = YES;
				IPHONEOS_DEPLOYMENT_TARGET = 26.0;
				MARKETING_VERSION = 1.0;
				PRODUCT_BUNDLE_IDENTIFIER = "Nick-Kenkel.messageai-swiftTests";
				PRODUCT_NAME = "$(TARGET_NAME)";
				STRING_CATALOG_GENERATE_SYMBOLS = NO;
				SWIFT_APPROACHABLE_CONCURRENCY = YES;
				SWIFT_EMIT_LOC_STRINGS = NO;
				SWIFT_UPCOMING_FEATURE_MEMBER_IMPORT_VISIBILITY = YES;
				SWIFT_VERSION = 5.0;
				TARGETED_DEVICE_FAMILY = "1,2";
				TEST_HOST = "$(BUILT_PRODUCTS_DIR)/messageai-swift.app/$(BUNDLE_EXECUTABLE_FOLDER_PATH)/messageai-swift";
			};
			name = Release;
		};
		DF45A12A2EA8593C009582E2 /* Debug */ = {
			isa = XCBuildConfiguration;
			buildSettings = {
				CODE_SIGN_STYLE = Automatic;
				CURRENT_PROJECT_VERSION = 1;
				GENERATE_INFOPLIST_FILE = YES;
				MARKETING_VERSION = 1.0;
				PRODUCT_BUNDLE_IDENTIFIER = "Nick-Kenkel.messageai-swiftUITests";
				PRODUCT_NAME = "$(TARGET_NAME)";
				STRING_CATALOG_GENERATE_SYMBOLS = NO;
				SWIFT_APPROACHABLE_CONCURRENCY = YES;
				SWIFT_EMIT_LOC_STRINGS = NO;
				SWIFT_UPCOMING_FEATURE_MEMBER_IMPORT_VISIBILITY = YES;
				SWIFT_VERSION = 5.0;
				TARGETED_DEVICE_FAMILY = "1,2";
				TEST_TARGET_NAME = "messageai-swift";
			};
			name = Debug;
		};
		DF45A12B2EA8593C009582E2 /* Release */ = {
			isa = XCBuildConfiguration;
			buildSettings = {
				CODE_SIGN_STYLE = Automatic;
				CURRENT_PROJECT_VERSION = 1;
				GENERATE_INFOPLIST_FILE = YES;
				MARKETING_VERSION = 1.0;
				PRODUCT_BUNDLE_IDENTIFIER = "Nick-Kenkel.messageai-swiftUITests";
				PRODUCT_NAME = "$(TARGET_NAME)";
				STRING_CATALOG_GENERATE_SYMBOLS = NO;
				SWIFT_APPROACHABLE_CONCURRENCY = YES;
				SWIFT_EMIT_LOC_STRINGS = NO;
				SWIFT_UPCOMING_FEATURE_MEMBER_IMPORT_VISIBILITY = YES;
				SWIFT_VERSION = 5.0;
				TARGETED_DEVICE_FAMILY = "1,2";
				TEST_TARGET_NAME = "messageai-swift";
			};
			name = Release;
		};
/* End XCBuildConfiguration section */

/* Begin XCConfigurationList section */
		DF45A0F82EA8593B009582E2 /* Build configuration list for PBXProject "messageai-swift" */ = {
			isa = XCConfigurationList;
			buildConfigurations = (
				DF45A1242EA8593C009582E2 /* Debug */,
				DF45A1252EA8593C009582E2 /* Release */,
			);
			defaultConfigurationIsVisible = 0;
			defaultConfigurationName = Release;
		};
		DF45A1212EA8593C009582E2 /* Build configuration list for PBXNativeTarget "messageai-swift" */ = {
			isa = XCConfigurationList;
			buildConfigurations = (
				DF45A1222EA8593C009582E2 /* Debug */,
				DF45A1232EA8593C009582E2 /* Release */,
			);
			defaultConfigurationIsVisible = 0;
			defaultConfigurationName = Release;
		};
		DF45A1262EA8593C009582E2 /* Build configuration list for PBXNativeTarget "messageai-swiftTests" */ = {
			isa = XCConfigurationList;
			buildConfigurations = (
				DF45A1272EA8593C009582E2 /* Debug */,
				DF45A1282EA8593C009582E2 /* Release */,
			);
			defaultConfigurationIsVisible = 0;
			defaultConfigurationName = Release;
		};
		DF45A1292EA8593C009582E2 /* Build configuration list for PBXNativeTarget "messageai-swiftUITests" */ = {
			isa = XCConfigurationList;
			buildConfigurations = (
				DF45A12A2EA8593C009582E2 /* Debug */,
				DF45A12B2EA8593C009582E2 /* Release */,
			);
			defaultConfigurationIsVisible = 0;
			defaultConfigurationName = Release;
		};
/* End XCConfigurationList section */

/* Begin XCRemoteSwiftPackageReference section */
		DF45A1322EA85F37009582E2 /* XCRemoteSwiftPackageReference "firebase-ios-sdk" */ = {
			isa = XCRemoteSwiftPackageReference;
			repositoryURL = "https://github.com/firebase/firebase-ios-sdk.git";
			requirement = {
				kind = upToNextMajorVersion;
				minimumVersion = 12.4.0;
			};
		};
		DF9A6C362EAA5D3B008AFB67 /* XCRemoteSwiftPackageReference "GoogleSignIn-iOS" */ = {
			isa = XCRemoteSwiftPackageReference;
			repositoryURL = "https://github.com/google/GoogleSignIn-iOS.git";
			requirement = {
				kind = upToNextMajorVersion;
				minimumVersion = 7.0.0;
			};
		};
/* End XCRemoteSwiftPackageReference section */

/* Begin XCSwiftPackageProductDependency section */
		DF45A1332EA85F37009582E2 /* FirebaseAuth */ = {
			isa = XCSwiftPackageProductDependency;
			package = DF45A1322EA85F37009582E2 /* XCRemoteSwiftPackageReference "firebase-ios-sdk" */;
			productName = FirebaseAuth;
		};
		DF45A1352EA85F37009582E2 /* FirebaseFirestore */ = {
			isa = XCSwiftPackageProductDependency;
			package = DF45A1322EA85F37009582E2 /* XCRemoteSwiftPackageReference "firebase-ios-sdk" */;
			productName = FirebaseFirestore;
		};
		DF45A1372EA85F37009582E2 /* FirebaseMessaging */ = {
			isa = XCSwiftPackageProductDependency;
			package = DF45A1322EA85F37009582E2 /* XCRemoteSwiftPackageReference "firebase-ios-sdk" */;
			productName = FirebaseMessaging;
		};
		DF8B68572EA91CC50084B324 /* FirebaseFunctions */ = {
			isa = XCSwiftPackageProductDependency;
			package = DF45A1322EA85F37009582E2 /* XCRemoteSwiftPackageReference "firebase-ios-sdk" */;
			productName = FirebaseFunctions;
		};
		DF8B68592EA91CC50084B324 /* FirebaseStorage */ = {
			isa = XCSwiftPackageProductDependency;
			package = DF45A1322EA85F37009582E2 /* XCRemoteSwiftPackageReference "firebase-ios-sdk" */;
			productName = FirebaseStorage;
		};
		DF9A6C382EAA5D5F008AFB67 /* GoogleSignIn */ = {
			isa = XCSwiftPackageProductDependency;
			package = DF9A6C362EAA5D3B008AFB67 /* XCRemoteSwiftPackageReference "GoogleSignIn-iOS" */;
			productName = GoogleSignIn;
		};
/* End XCSwiftPackageProductDependency section */
	};
	rootObject = DF45A0F52EA8593B009582E2 /* Project object */;
}
